
Microsoft Visual Studio Solution File, Format Version 12.00
# Visual Studio Version 17
VisualStudioVersion = 17.8.34309.116
MinimumVisualStudioVersion = 10.0.40219.1
Project("{9A19103F-16F7-4668-BE54-9A1E7A4F7556}") = "DataAccess", "DataAccess\DataAccess.csproj", "{674AC2A3-1B3D-4EED-8D37-749AA8859B58}"
EndProject
Project("{9A19103F-16F7-4668-BE54-9A1E7A4F7556}") = "Business", "Business\Business.csproj", "{84CFE637-6A61-4841-AAE4-E18679588096}"
EndProject
Project("{9A19103F-16F7-4668-BE54-9A1E7A4F7556}") = "Entities", "Entities\Entities.csproj", "{32A05A10-D01C-48FE-A767-A1D2125D8E04}"
EndProject
Project("{FAE04EC0-301F-11D3-BF4B-00C04F79EFBC}") = "ConsoleUI", "ConsoleUI\ConsoleUI.csproj", "{0BC4259E-F45D-424A-8644-6D423468C1A9}"
EndProject
Global
	GlobalSection(SolutionConfigurationPlatforms) = preSolution
		Debug|Any CPU = Debug|Any CPU
		Release|Any CPU = Release|Any CPU
	EndGlobalSection
	GlobalSection(ProjectConfigurationPlatforms) = postSolution
		{674AC2A3-1B3D-4EED-8D37-749AA8859B58}.Debug|Any CPU.ActiveCfg = Debug|Any CPU
		{674AC2A3-1B3D-4EED-8D37-749AA8859B58}.Debug|Any CPU.Build.0 = Debug|Any CPU
		{674AC2A3-1B3D-4EED-8D37-749AA8859B58}.Release|Any CPU.ActiveCfg = Release|Any CPU
		{674AC2A3-1B3D-4EED-8D37-749AA8859B58}.Release|Any CPU.Build.0 = Release|Any CPU
		{84CFE637-6A61-4841-AAE4-E18679588096}.Debug|Any CPU.ActiveCfg = Debug|Any CPU
		{84CFE637-6A61-4841-AAE4-E18679588096}.Debug|Any CPU.Build.0 = Debug|Any CPU
		{84CFE637-6A61-4841-AAE4-E18679588096}.Release|Any CPU.ActiveCfg = Release|Any CPU
		{84CFE637-6A61-4841-AAE4-E18679588096}.Release|Any CPU.Build.0 = Release|Any CPU
		{32A05A10-D01C-48FE-A767-A1D2125D8E04}.Debug|Any CPU.ActiveCfg = Debug|Any CPU
		{32A05A10-D01C-48FE-A767-A1D2125D8E04}.Debug|Any CPU.Build.0 = Debug|Any CPU
		{32A05A10-D01C-48FE-A767-A1D2125D8E04}.Release|Any CPU.ActiveCfg = Release|Any CPU
		{32A05A10-D01C-48FE-A767-A1D2125D8E04}.Release|Any CPU.Build.0 = Release|Any CPU
		{0BC4259E-F45D-424A-8644-6D423468C1A9}.Debug|Any CPU.ActiveCfg = Debug|Any CPU
		{0BC4259E-F45D-424A-8644-6D423468C1A9}.Debug|Any CPU.Build.0 = Debug|Any CPU
		{0BC4259E-F45D-424A-8644-6D423468C1A9}.Release|Any CPU.ActiveCfg = Release|Any CPU
		{0BC4259E-F45D-424A-8644-6D423468C1A9}.Release|Any CPU.Build.0 = Release|Any CPU
	EndGlobalSection
	GlobalSection(SolutionProperties) = preSolution
		HideSolutionNode = FALSE
	EndGlobalSection
	GlobalSection(ExtensibilityGlobals) = postSolution
		SolutionGuid = {DFBBACD0-D007-4E8D-838A-A5A98E4D38A0}
	EndGlobalSection
EndGlobal
